
Microsoft Visual Studio Solution File, Format Version 12.00
# Visual Studio 14
VisualStudioVersion = 14.0.25420.1
MinimumVisualStudioVersion = 10.0.40219.1
Project("{2150E333-8FDC-42A3-9474-1A3956D46DE8}") = "Capa_Entidades", "Capa_Entidades", "{4DEA64A2-15E7-4EF9-8EAC-6EC04214E95C}"
EndProject
Project("{2150E333-8FDC-42A3-9474-1A3956D46DE8}") = "Capa_Negocio", "Capa_Negocio", "{72F893F2-4231-472D-AEA8-77A91B0CBC5B}"
EndProject
Project("{FAE04EC0-301F-11D3-BF4B-00C04F79EFBC}") = "Capa_Presentacion", "Capa_Presentacion\Capa_Presentacion.csproj", "{DD1F56F7-AF62-4557-9A8D-8ED7DE83D9AD}"
EndProject
Project("{FAE04EC0-301F-11D3-BF4B-00C04F79EFBC}") = "Entidad.Seguridad", "Entidad.Seguridad\Entidad.Seguridad.csproj", "{37624FD2-2C33-42F9-A52B-BB09EAEC4075}"
EndProject
Project("{2150E333-8FDC-42A3-9474-1A3956D46DE8}") = "Capa_Acceso_Datos", "Capa_Acceso_Datos", "{8656918B-C526-4C17-B9DD-A3A76A7BCDAF}"
EndProject
Project("{FAE04EC0-301F-11D3-BF4B-00C04F79EFBC}") = "Datos.Seguridad", "Datos.Seguridad\Datos.Seguridad.csproj", "{7B08FABF-6726-4766-8CE3-492304DEF520}"
EndProject
Project("{FAE04EC0-301F-11D3-BF4B-00C04F79EFBC}") = "Test", "Test\Test.csproj", "{975B750E-0162-4890-AC4C-FCB6BEFC088D}"
EndProject
Project("{FAE04EC0-301F-11D3-BF4B-00C04F79EFBC}") = "Entidad.Anime", "Entidad.Anime\Entidad.Anime.csproj", "{977C624B-9EAB-40B7-921E-4A067721DF56}"
EndProject
Project("{FAE04EC0-301F-11D3-BF4B-00C04F79EFBC}") = "Datos.Anime", "Datos.Anime\Datos.Anime.csproj", "{6DF4F9D9-F488-48EE-BD62-A0041254E3DE}"
EndProject
Project("{FAE04EC0-301F-11D3-BF4B-00C04F79EFBC}") = "Negocio.Anime", "Negocio.Anime\Negocio.Anime.csproj", "{20315AC0-35C6-4D45-97F6-20DAAE7246DC}"
EndProject
Project("{FAE04EC0-301F-11D3-BF4B-00C04F79EFBC}") = "Negocio.Seguridad", "Negocio.Seguridad\Negocio.Seguridad.csproj", "{D90262F6-CED1-4172-ADFB-881874024BD7}"
EndProject
Global
	GlobalSection(SolutionConfigurationPlatforms) = preSolution
		Debug|Any CPU = Debug|Any CPU
		Release|Any CPU = Release|Any CPU
	EndGlobalSection
	GlobalSection(ProjectConfigurationPlatforms) = postSolution
		{DD1F56F7-AF62-4557-9A8D-8ED7DE83D9AD}.Debug|Any CPU.ActiveCfg = Debug|Any CPU
		{DD1F56F7-AF62-4557-9A8D-8ED7DE83D9AD}.Debug|Any CPU.Build.0 = Debug|Any CPU
		{DD1F56F7-AF62-4557-9A8D-8ED7DE83D9AD}.Release|Any CPU.ActiveCfg = Release|Any CPU
		{DD1F56F7-AF62-4557-9A8D-8ED7DE83D9AD}.Release|Any CPU.Build.0 = Release|Any CPU
		{37624FD2-2C33-42F9-A52B-BB09EAEC4075}.Debug|Any CPU.ActiveCfg = Debug|Any CPU
		{37624FD2-2C33-42F9-A52B-BB09EAEC4075}.Debug|Any CPU.Build.0 = Debug|Any CPU
		{37624FD2-2C33-42F9-A52B-BB09EAEC4075}.Release|Any CPU.ActiveCfg = Release|Any CPU
		{37624FD2-2C33-42F9-A52B-BB09EAEC4075}.Release|Any CPU.Build.0 = Release|Any CPU
		{7B08FABF-6726-4766-8CE3-492304DEF520}.Debug|Any CPU.ActiveCfg = Debug|Any CPU
		{7B08FABF-6726-4766-8CE3-492304DEF520}.Debug|Any CPU.Build.0 = Debug|Any CPU
		{7B08FABF-6726-4766-8CE3-492304DEF520}.Release|Any CPU.ActiveCfg = Release|Any CPU
		{7B08FABF-6726-4766-8CE3-492304DEF520}.Release|Any CPU.Build.0 = Release|Any CPU
		{975B750E-0162-4890-AC4C-FCB6BEFC088D}.Debug|Any CPU.ActiveCfg = Debug|Any CPU
		{975B750E-0162-4890-AC4C-FCB6BEFC088D}.Debug|Any CPU.Build.0 = Debug|Any CPU
		{975B750E-0162-4890-AC4C-FCB6BEFC088D}.Release|Any CPU.ActiveCfg = Release|Any CPU
		{975B750E-0162-4890-AC4C-FCB6BEFC088D}.Release|Any CPU.Build.0 = Release|Any CPU
		{977C624B-9EAB-40B7-921E-4A067721DF56}.Debug|Any CPU.ActiveCfg = Debug|Any CPU
		{977C624B-9EAB-40B7-921E-4A067721DF56}.Debug|Any CPU.Build.0 = Debug|Any CPU
		{977C624B-9EAB-40B7-921E-4A067721DF56}.Release|Any CPU.ActiveCfg = Release|Any CPU
		{977C624B-9EAB-40B7-921E-4A067721DF56}.Release|Any CPU.Build.0 = Release|Any CPU
		{6DF4F9D9-F488-48EE-BD62-A0041254E3DE}.Debug|Any CPU.ActiveCfg = Debug|Any CPU
		{6DF4F9D9-F488-48EE-BD62-A0041254E3DE}.Debug|Any CPU.Build.0 = Debug|Any CPU
		{6DF4F9D9-F488-48EE-BD62-A0041254E3DE}.Release|Any CPU.ActiveCfg = Release|Any CPU
		{6DF4F9D9-F488-48EE-BD62-A0041254E3DE}.Release|Any CPU.Build.0 = Release|Any CPU
		{20315AC0-35C6-4D45-97F6-20DAAE7246DC}.Debug|Any CPU.ActiveCfg = Debug|Any CPU
		{20315AC0-35C6-4D45-97F6-20DAAE7246DC}.Debug|Any CPU.Build.0 = Debug|Any CPU
		{20315AC0-35C6-4D45-97F6-20DAAE7246DC}.Release|Any CPU.ActiveCfg = Release|Any CPU
		{20315AC0-35C6-4D45-97F6-20DAAE7246DC}.Release|Any CPU.Build.0 = Release|Any CPU
		{D90262F6-CED1-4172-ADFB-881874024BD7}.Debug|Any CPU.ActiveCfg = Debug|Any CPU
		{D90262F6-CED1-4172-ADFB-881874024BD7}.Debug|Any CPU.Build.0 = Debug|Any CPU
		{D90262F6-CED1-4172-ADFB-881874024BD7}.Release|Any CPU.ActiveCfg = Release|Any CPU
		{D90262F6-CED1-4172-ADFB-881874024BD7}.Release|Any CPU.Build.0 = Release|Any CPU
	EndGlobalSection
	GlobalSection(SolutionProperties) = preSolution
		HideSolutionNode = FALSE
	EndGlobalSection
	GlobalSection(NestedProjects) = preSolution
		{37624FD2-2C33-42F9-A52B-BB09EAEC4075} = {4DEA64A2-15E7-4EF9-8EAC-6EC04214E95C}
		{7B08FABF-6726-4766-8CE3-492304DEF520} = {8656918B-C526-4C17-B9DD-A3A76A7BCDAF}
		{977C624B-9EAB-40B7-921E-4A067721DF56} = {4DEA64A2-15E7-4EF9-8EAC-6EC04214E95C}
		{6DF4F9D9-F488-48EE-BD62-A0041254E3DE} = {8656918B-C526-4C17-B9DD-A3A76A7BCDAF}
		{20315AC0-35C6-4D45-97F6-20DAAE7246DC} = {72F893F2-4231-472D-AEA8-77A91B0CBC5B}
		{D90262F6-CED1-4172-ADFB-881874024BD7} = {72F893F2-4231-472D-AEA8-77A91B0CBC5B}
	EndGlobalSection
EndGlobal
